
Microsoft Visual Studio Solution File, Format Version 12.00
# Visual Studio Version 16
VisualStudioVersion = 16.0.31025.194
MinimumVisualStudioVersion = 10.0.40219.1
Project("{FAE04EC0-301F-11D3-BF4B-00C04F79EFBC}") = "cgmtwiningestfunction", "factorytwiningestfunction\cgmtwiningestfunction.csproj", "{4ECEBBD9-0015-49AF-A3E6-C85DA945570B}"
EndProject
Global
	GlobalSection(SolutionConfigurationPlatforms) = preSolution
		Debug|Any CPU = Debug|Any CPU
		Release|Any CPU = Release|Any CPU
	EndGlobalSection
	GlobalSection(ProjectConfigurationPlatforms) = postSolution
		{4ECEBBD9-0015-49AF-A3E6-C85DA945570B}.Debug|Any CPU.ActiveCfg = Debug|Any CPU
		{4ECEBBD9-0015-49AF-A3E6-C85DA945570B}.Debug|Any CPU.Build.0 = Debug|Any CPU
		{4ECEBBD9-0015-49AF-A3E6-C85DA945570B}.Release|Any CPU.ActiveCfg = Release|Any CPU
		{4ECEBBD9-0015-49AF-A3E6-C85DA945570B}.Release|Any CPU.Build.0 = Release|Any CPU
	EndGlobalSection
	GlobalSection(SolutionProperties) = preSolution
		HideSolutionNode = FALSE
	EndGlobalSection
	GlobalSection(ExtensibilityGlobals) = postSolution
		SolutionGuid = {BC5871FD-98EF-4A9D-AF54-FF924645793F}
	EndGlobalSection
EndGlobal
